
Microsoft Visual Studio Solution File, Format Version 12.00
# Visual Studio Version 17
VisualStudioVersion = 17.7.34024.191
MinimumVisualStudioVersion = 10.0.40219.1
Project("{9A19103F-16F7-4668-BE54-9A1E7A4F7556}") = "FlowSynx", "src\FlowSynx\FlowSynx.csproj", "{855FAD1D-289E-44C8-AA86-FEBFF8309CC1}"
EndProject
Project("{9A19103F-16F7-4668-BE54-9A1E7A4F7556}") = "FlowSynx.Core", "src\FlowSynx.Core\FlowSynx.Core.csproj", "{DCFE2169-84FC-4A1E-84A1-CA9B1ABCC5D4}"
EndProject
Project("{2150E333-8FDC-42A3-9474-1A3956D46DE8}") = "plugins", "plugins", "{F0C26331-6C4A-4389-80E3-7580C3977871}"
EndProject
Project("{2150E333-8FDC-42A3-9474-1A3956D46DE8}") = "src", "src", "{49A29FCE-FFE3-4780-9B97-FFC76E73B354}"
EndProject
Project("{9A19103F-16F7-4668-BE54-9A1E7A4F7556}") = "FlowSynx.Plugin.Storage.LocalFileSystem", "plugins\FlowSynx.Plugin.Storage.LocalFileSystem\FlowSynx.Plugin.Storage.LocalFileSystem.csproj", "{EE1A893C-E84D-4D7D-93C8-0646EC729685}"
EndProject
Project("{9A19103F-16F7-4668-BE54-9A1E7A4F7556}") = "FlowSynx.Plugin.Storage.Azure.Blobs", "plugins\FlowSynx.Plugin.Storage.Azure.Blobs\FlowSynx.Plugin.Storage.Azure.Blobs.csproj", "{60854C55-D120-4359-BEDF-883A825B603F}"
EndProject
Project("{9A19103F-16F7-4668-BE54-9A1E7A4F7556}") = "FlowSynx.Plugin.Storage.Azure.Files", "plugins\FlowSynx.Plugin.Storage.Azure.Files\FlowSynx.Plugin.Storage.Azure.Files.csproj", "{7B41A66B-26F1-4428-9426-FDFFF1D58F75}"
EndProject
Project("{2150E333-8FDC-42A3-9474-1A3956D46DE8}") = "Storage", "Storage", "{2055D7A4-DACB-49D7-988F-E3424935388A}"
EndProject
Project("{FAE04EC0-301F-11D3-BF4B-00C04F79EFBC}") = "FlowSynx.Plugin.Storage.Google.Cloud", "plugins\FlowSynx.Plugin.Storage.Google.Cloud\FlowSynx.Plugin.Storage.Google.Cloud.csproj", "{1FC203CA-B2DD-4162-8266-F2427F9DF8A1}"
EndProject
Global
	GlobalSection(SolutionConfigurationPlatforms) = preSolution
		Debug|Any CPU = Debug|Any CPU
		Release|Any CPU = Release|Any CPU
	EndGlobalSection
	GlobalSection(ProjectConfigurationPlatforms) = postSolution
		{855FAD1D-289E-44C8-AA86-FEBFF8309CC1}.Debug|Any CPU.ActiveCfg = Debug|Any CPU
		{855FAD1D-289E-44C8-AA86-FEBFF8309CC1}.Debug|Any CPU.Build.0 = Debug|Any CPU
		{855FAD1D-289E-44C8-AA86-FEBFF8309CC1}.Release|Any CPU.ActiveCfg = Release|Any CPU
		{855FAD1D-289E-44C8-AA86-FEBFF8309CC1}.Release|Any CPU.Build.0 = Release|Any CPU
		{DCFE2169-84FC-4A1E-84A1-CA9B1ABCC5D4}.Debug|Any CPU.ActiveCfg = Debug|Any CPU
		{DCFE2169-84FC-4A1E-84A1-CA9B1ABCC5D4}.Debug|Any CPU.Build.0 = Debug|Any CPU
		{DCFE2169-84FC-4A1E-84A1-CA9B1ABCC5D4}.Release|Any CPU.ActiveCfg = Release|Any CPU
		{DCFE2169-84FC-4A1E-84A1-CA9B1ABCC5D4}.Release|Any CPU.Build.0 = Release|Any CPU
		{EE1A893C-E84D-4D7D-93C8-0646EC729685}.Debug|Any CPU.ActiveCfg = Debug|Any CPU
		{EE1A893C-E84D-4D7D-93C8-0646EC729685}.Debug|Any CPU.Build.0 = Debug|Any CPU
		{EE1A893C-E84D-4D7D-93C8-0646EC729685}.Release|Any CPU.ActiveCfg = Release|Any CPU
		{EE1A893C-E84D-4D7D-93C8-0646EC729685}.Release|Any CPU.Build.0 = Release|Any CPU
		{60854C55-D120-4359-BEDF-883A825B603F}.Debug|Any CPU.ActiveCfg = Debug|Any CPU
		{60854C55-D120-4359-BEDF-883A825B603F}.Debug|Any CPU.Build.0 = Debug|Any CPU
		{60854C55-D120-4359-BEDF-883A825B603F}.Release|Any CPU.ActiveCfg = Release|Any CPU
		{60854C55-D120-4359-BEDF-883A825B603F}.Release|Any CPU.Build.0 = Release|Any CPU
		{7B41A66B-26F1-4428-9426-FDFFF1D58F75}.Debug|Any CPU.ActiveCfg = Debug|Any CPU
		{7B41A66B-26F1-4428-9426-FDFFF1D58F75}.Debug|Any CPU.Build.0 = Debug|Any CPU
		{7B41A66B-26F1-4428-9426-FDFFF1D58F75}.Release|Any CPU.ActiveCfg = Release|Any CPU
		{7B41A66B-26F1-4428-9426-FDFFF1D58F75}.Release|Any CPU.Build.0 = Release|Any CPU
		{1FC203CA-B2DD-4162-8266-F2427F9DF8A1}.Debug|Any CPU.ActiveCfg = Debug|Any CPU
		{1FC203CA-B2DD-4162-8266-F2427F9DF8A1}.Debug|Any CPU.Build.0 = Debug|Any CPU
		{1FC203CA-B2DD-4162-8266-F2427F9DF8A1}.Release|Any CPU.ActiveCfg = Release|Any CPU
		{1FC203CA-B2DD-4162-8266-F2427F9DF8A1}.Release|Any CPU.Build.0 = Release|Any CPU
	EndGlobalSection
	GlobalSection(SolutionProperties) = preSolution
		HideSolutionNode = FALSE
	EndGlobalSection
	GlobalSection(NestedProjects) = preSolution
		{855FAD1D-289E-44C8-AA86-FEBFF8309CC1} = {49A29FCE-FFE3-4780-9B97-FFC76E73B354}
		{DCFE2169-84FC-4A1E-84A1-CA9B1ABCC5D4} = {49A29FCE-FFE3-4780-9B97-FFC76E73B354}
		{EE1A893C-E84D-4D7D-93C8-0646EC729685} = {2055D7A4-DACB-49D7-988F-E3424935388A}
		{60854C55-D120-4359-BEDF-883A825B603F} = {2055D7A4-DACB-49D7-988F-E3424935388A}
		{7B41A66B-26F1-4428-9426-FDFFF1D58F75} = {2055D7A4-DACB-49D7-988F-E3424935388A}
		{2055D7A4-DACB-49D7-988F-E3424935388A} = {F0C26331-6C4A-4389-80E3-7580C3977871}
		{1FC203CA-B2DD-4162-8266-F2427F9DF8A1} = {2055D7A4-DACB-49D7-988F-E3424935388A}
	EndGlobalSection
	GlobalSection(ExtensibilityGlobals) = postSolution
		SolutionGuid = {1CCEBB2F-1B56-4191-B548-856F5DF10553}
	EndGlobalSection
EndGlobal
