
Microsoft Visual Studio Solution File, Format Version 12.00
# Visual Studio Version 17
VisualStudioVersion = 17.7.34024.191
MinimumVisualStudioVersion = 10.0.40219.1
Project("{9A19103F-16F7-4668-BE54-9A1E7A4F7556}") = "FlowSynx", "src\FlowSynx\FlowSynx.csproj", "{855FAD1D-289E-44C8-AA86-FEBFF8309CC1}"
EndProject
Project("{9A19103F-16F7-4668-BE54-9A1E7A4F7556}") = "FlowSynx.Application", "src\FlowSynx.Application\FlowSynx.Application.csproj", "{DCFE2169-84FC-4A1E-84A1-CA9B1ABCC5D4}"
EndProject
Project("{2150E333-8FDC-42A3-9474-1A3956D46DE8}") = "plugins", "plugins", "{F0C26331-6C4A-4389-80E3-7580C3977871}"
EndProject
Project("{2150E333-8FDC-42A3-9474-1A3956D46DE8}") = "src", "src", "{49A29FCE-FFE3-4780-9B97-FFC76E73B354}"
EndProject
Project("{9A19103F-16F7-4668-BE54-9A1E7A4F7556}") = "FlowSynx.Plugins.LocalFileSystem", "plugins\FlowSynx.Plugins.LocalFileSystem\FlowSynx.Plugins.LocalFileSystem.csproj", "{EE1A893C-E84D-4D7D-93C8-0646EC729685}"
EndProject
Project("{9A19103F-16F7-4668-BE54-9A1E7A4F7556}") = "FlowSynx.Domain", "src\FlowSynx.Domain\FlowSynx.Domain.csproj", "{445387B6-23EC-4C33-8423-AA5B669779DC}"
EndProject
Project("{9A19103F-16F7-4668-BE54-9A1E7A4F7556}") = "FlowSynx.Infrastructure", "src\FlowSynx.Infrastructure\FlowSynx.Infrastructure.csproj", "{9F8F07B8-6A18-441A-AEAD-CFE09BDD46ED}"
EndProject
Project("{9A19103F-16F7-4668-BE54-9A1E7A4F7556}") = "FlowSynx.Persistence.Postgres", "src\FlowSynx.Persistence\FlowSynx.Persistence.Postgres\FlowSynx.Persistence.Postgres.csproj", "{C9ABAD15-0A7A-4861-8055-027A0461BDAC}"
EndProject
Project("{FAE04EC0-301F-11D3-BF4B-00C04F79EFBC}") = "FlowSynx.Persistence.Logging.Sqlite", "src\FlowSynx.Persistence\FlowSynx.Persistence.Logging.Sqlite\FlowSynx.Persistence.Logging.Sqlite.csproj", "{6CF87669-59CF-4CBF-94F4-0EE562E661D0}"
EndProject
Project("{2150E333-8FDC-42A3-9474-1A3956D46DE8}") = "tests", "tests", "{B9F284CE-47D5-48BB-BC36-0A3682328699}"
EndProject
Project("{FAE04EC0-301F-11D3-BF4B-00C04F79EFBC}") = "FlowSynx.Application.UnitTests", "tests\FlowSynx.Application.UnitTests\FlowSynx.Application.UnitTests.csproj", "{92A681E5-A2B1-444E-8FE2-30757DF828A0}"
EndProject
Project("{FAE04EC0-301F-11D3-BF4B-00C04F79EFBC}") = "FlowSynx.Infrastructure.UnitTests", "tests\FlowSynx.Infrastructure.UnitTests\FlowSynx.Infrastructure.UnitTests.csproj", "{55F6401D-828D-4C24-8083-359759C71D23}"
EndProject
Project("{FAE04EC0-301F-11D3-BF4B-00C04F79EFBC}") = "FlowSynx.Persistence.Logging.Sqlite.UnitTests", "tests\FlowSynx.Persistence.Logging.Sqlite.UnitTests\FlowSynx.Persistence.Logging.Sqlite.UnitTests.csproj", "{576F88AE-5AE6-41BD-920B-7E248CF4B573}"
EndProject
Project("{FAE04EC0-301F-11D3-BF4B-00C04F79EFBC}") = "FlowSynx.UnitTests", "tests\FlowSynx.UnitTests\FlowSynx.UnitTests.csproj", "{FFCDA942-678A-4D98-A67F-1308D1F89D15}"
EndProject
Project("{FAE04EC0-301F-11D3-BF4B-00C04F79EFBC}") = "FlowSynx.Persistence.Sqlite", "src\FlowSynx.Persistence\FlowSynx.Persistence.Sqlite\FlowSynx.Persistence.Sqlite.csproj", "{9CA701F0-B455-BC9F-1E20-5552E2842019}"
EndProject
Project("{FAE04EC0-301F-11D3-BF4B-00C04F79EFBC}") = "FlowSynx.Persistence.Shared", "src\FlowSynx.Persistence\FlowSynx.Persistence.Shared\FlowSynx.Persistence.Shared.csproj", "{85AEAD00-E803-F74D-63A0-302A94CAAA59}"
EndProject
Project("{2150E333-8FDC-42A3-9474-1A3956D46DE8}") = "FlowSynx.Persistence", "FlowSynx.Persistence", "{02EA681E-C7D8-13C7-8484-4AC65E1B71E8}"
EndProject
Global
	GlobalSection(SolutionConfigurationPlatforms) = preSolution
		Debug|Any CPU = Debug|Any CPU
		Release|Any CPU = Release|Any CPU
	EndGlobalSection
	GlobalSection(ProjectConfigurationPlatforms) = postSolution
		{855FAD1D-289E-44C8-AA86-FEBFF8309CC1}.Debug|Any CPU.ActiveCfg = Debug|Any CPU
		{855FAD1D-289E-44C8-AA86-FEBFF8309CC1}.Debug|Any CPU.Build.0 = Debug|Any CPU
		{855FAD1D-289E-44C8-AA86-FEBFF8309CC1}.Release|Any CPU.ActiveCfg = Release|Any CPU
		{855FAD1D-289E-44C8-AA86-FEBFF8309CC1}.Release|Any CPU.Build.0 = Release|Any CPU
		{DCFE2169-84FC-4A1E-84A1-CA9B1ABCC5D4}.Debug|Any CPU.ActiveCfg = Debug|Any CPU
		{DCFE2169-84FC-4A1E-84A1-CA9B1ABCC5D4}.Debug|Any CPU.Build.0 = Debug|Any CPU
		{DCFE2169-84FC-4A1E-84A1-CA9B1ABCC5D4}.Release|Any CPU.ActiveCfg = Release|Any CPU
		{DCFE2169-84FC-4A1E-84A1-CA9B1ABCC5D4}.Release|Any CPU.Build.0 = Release|Any CPU
		{EE1A893C-E84D-4D7D-93C8-0646EC729685}.Debug|Any CPU.ActiveCfg = Debug|Any CPU
		{EE1A893C-E84D-4D7D-93C8-0646EC729685}.Debug|Any CPU.Build.0 = Debug|Any CPU
		{EE1A893C-E84D-4D7D-93C8-0646EC729685}.Release|Any CPU.ActiveCfg = Release|Any CPU
		{EE1A893C-E84D-4D7D-93C8-0646EC729685}.Release|Any CPU.Build.0 = Release|Any CPU
		{445387B6-23EC-4C33-8423-AA5B669779DC}.Debug|Any CPU.ActiveCfg = Debug|Any CPU
		{445387B6-23EC-4C33-8423-AA5B669779DC}.Debug|Any CPU.Build.0 = Debug|Any CPU
		{445387B6-23EC-4C33-8423-AA5B669779DC}.Release|Any CPU.ActiveCfg = Release|Any CPU
		{445387B6-23EC-4C33-8423-AA5B669779DC}.Release|Any CPU.Build.0 = Release|Any CPU
		{9F8F07B8-6A18-441A-AEAD-CFE09BDD46ED}.Debug|Any CPU.ActiveCfg = Debug|Any CPU
		{9F8F07B8-6A18-441A-AEAD-CFE09BDD46ED}.Debug|Any CPU.Build.0 = Debug|Any CPU
		{9F8F07B8-6A18-441A-AEAD-CFE09BDD46ED}.Release|Any CPU.ActiveCfg = Release|Any CPU
		{9F8F07B8-6A18-441A-AEAD-CFE09BDD46ED}.Release|Any CPU.Build.0 = Release|Any CPU
		{C9ABAD15-0A7A-4861-8055-027A0461BDAC}.Debug|Any CPU.ActiveCfg = Debug|Any CPU
		{C9ABAD15-0A7A-4861-8055-027A0461BDAC}.Debug|Any CPU.Build.0 = Debug|Any CPU
		{C9ABAD15-0A7A-4861-8055-027A0461BDAC}.Release|Any CPU.ActiveCfg = Release|Any CPU
		{C9ABAD15-0A7A-4861-8055-027A0461BDAC}.Release|Any CPU.Build.0 = Release|Any CPU
		{6CF87669-59CF-4CBF-94F4-0EE562E661D0}.Debug|Any CPU.ActiveCfg = Debug|Any CPU
		{6CF87669-59CF-4CBF-94F4-0EE562E661D0}.Debug|Any CPU.Build.0 = Debug|Any CPU
		{6CF87669-59CF-4CBF-94F4-0EE562E661D0}.Release|Any CPU.ActiveCfg = Release|Any CPU
		{6CF87669-59CF-4CBF-94F4-0EE562E661D0}.Release|Any CPU.Build.0 = Release|Any CPU
		{92A681E5-A2B1-444E-8FE2-30757DF828A0}.Debug|Any CPU.ActiveCfg = Debug|Any CPU
		{92A681E5-A2B1-444E-8FE2-30757DF828A0}.Debug|Any CPU.Build.0 = Debug|Any CPU
		{92A681E5-A2B1-444E-8FE2-30757DF828A0}.Release|Any CPU.ActiveCfg = Release|Any CPU
		{92A681E5-A2B1-444E-8FE2-30757DF828A0}.Release|Any CPU.Build.0 = Release|Any CPU
		{55F6401D-828D-4C24-8083-359759C71D23}.Debug|Any CPU.ActiveCfg = Debug|Any CPU
		{55F6401D-828D-4C24-8083-359759C71D23}.Debug|Any CPU.Build.0 = Debug|Any CPU
		{55F6401D-828D-4C24-8083-359759C71D23}.Release|Any CPU.ActiveCfg = Release|Any CPU
		{55F6401D-828D-4C24-8083-359759C71D23}.Release|Any CPU.Build.0 = Release|Any CPU
		{576F88AE-5AE6-41BD-920B-7E248CF4B573}.Debug|Any CPU.ActiveCfg = Debug|Any CPU
		{576F88AE-5AE6-41BD-920B-7E248CF4B573}.Debug|Any CPU.Build.0 = Debug|Any CPU
		{576F88AE-5AE6-41BD-920B-7E248CF4B573}.Release|Any CPU.ActiveCfg = Release|Any CPU
		{576F88AE-5AE6-41BD-920B-7E248CF4B573}.Release|Any CPU.Build.0 = Release|Any CPU
		{FFCDA942-678A-4D98-A67F-1308D1F89D15}.Debug|Any CPU.ActiveCfg = Debug|Any CPU
		{FFCDA942-678A-4D98-A67F-1308D1F89D15}.Debug|Any CPU.Build.0 = Debug|Any CPU
		{FFCDA942-678A-4D98-A67F-1308D1F89D15}.Release|Any CPU.ActiveCfg = Release|Any CPU
		{FFCDA942-678A-4D98-A67F-1308D1F89D15}.Release|Any CPU.Build.0 = Release|Any CPU
		{9CA701F0-B455-BC9F-1E20-5552E2842019}.Debug|Any CPU.ActiveCfg = Debug|Any CPU
		{9CA701F0-B455-BC9F-1E20-5552E2842019}.Debug|Any CPU.Build.0 = Debug|Any CPU
		{9CA701F0-B455-BC9F-1E20-5552E2842019}.Release|Any CPU.ActiveCfg = Release|Any CPU
		{9CA701F0-B455-BC9F-1E20-5552E2842019}.Release|Any CPU.Build.0 = Release|Any CPU
		{85AEAD00-E803-F74D-63A0-302A94CAAA59}.Debug|Any CPU.ActiveCfg = Debug|Any CPU
		{85AEAD00-E803-F74D-63A0-302A94CAAA59}.Debug|Any CPU.Build.0 = Debug|Any CPU
		{85AEAD00-E803-F74D-63A0-302A94CAAA59}.Release|Any CPU.ActiveCfg = Release|Any CPU
		{85AEAD00-E803-F74D-63A0-302A94CAAA59}.Release|Any CPU.Build.0 = Release|Any CPU
	EndGlobalSection
	GlobalSection(SolutionProperties) = preSolution
		HideSolutionNode = FALSE
	EndGlobalSection
	GlobalSection(NestedProjects) = preSolution
		{855FAD1D-289E-44C8-AA86-FEBFF8309CC1} = {49A29FCE-FFE3-4780-9B97-FFC76E73B354}
		{DCFE2169-84FC-4A1E-84A1-CA9B1ABCC5D4} = {49A29FCE-FFE3-4780-9B97-FFC76E73B354}
		{EE1A893C-E84D-4D7D-93C8-0646EC729685} = {F0C26331-6C4A-4389-80E3-7580C3977871}
		{445387B6-23EC-4C33-8423-AA5B669779DC} = {49A29FCE-FFE3-4780-9B97-FFC76E73B354}
		{9F8F07B8-6A18-441A-AEAD-CFE09BDD46ED} = {49A29FCE-FFE3-4780-9B97-FFC76E73B354}
		{C9ABAD15-0A7A-4861-8055-027A0461BDAC} = {02EA681E-C7D8-13C7-8484-4AC65E1B71E8}
		{6CF87669-59CF-4CBF-94F4-0EE562E661D0} = {02EA681E-C7D8-13C7-8484-4AC65E1B71E8}
		{92A681E5-A2B1-444E-8FE2-30757DF828A0} = {B9F284CE-47D5-48BB-BC36-0A3682328699}
		{55F6401D-828D-4C24-8083-359759C71D23} = {B9F284CE-47D5-48BB-BC36-0A3682328699}
		{576F88AE-5AE6-41BD-920B-7E248CF4B573} = {B9F284CE-47D5-48BB-BC36-0A3682328699}
		{FFCDA942-678A-4D98-A67F-1308D1F89D15} = {B9F284CE-47D5-48BB-BC36-0A3682328699}
		{9CA701F0-B455-BC9F-1E20-5552E2842019} = {02EA681E-C7D8-13C7-8484-4AC65E1B71E8}
		{85AEAD00-E803-F74D-63A0-302A94CAAA59} = {02EA681E-C7D8-13C7-8484-4AC65E1B71E8}
		{02EA681E-C7D8-13C7-8484-4AC65E1B71E8} = {49A29FCE-FFE3-4780-9B97-FFC76E73B354}
	EndGlobalSection
	GlobalSection(ExtensibilityGlobals) = postSolution
		SolutionGuid = {1CCEBB2F-1B56-4191-B548-856F5DF10553}
	EndGlobalSection
EndGlobal
