
Microsoft Visual Studio Solution File, Format Version 12.00
# Visual Studio Version 17
VisualStudioVersion = 17.7.34024.191
MinimumVisualStudioVersion = 10.0.40219.1
Project("{9A19103F-16F7-4668-BE54-9A1E7A4F7556}") = "FlowSynx", "src\FlowSynx\FlowSynx.csproj", "{855FAD1D-289E-44C8-AA86-FEBFF8309CC1}"
EndProject
Project("{9A19103F-16F7-4668-BE54-9A1E7A4F7556}") = "FlowSynx.Core", "src\FlowSynx.Core\FlowSynx.Core.csproj", "{DCFE2169-84FC-4A1E-84A1-CA9B1ABCC5D4}"
EndProject
Project("{2150E333-8FDC-42A3-9474-1A3956D46DE8}") = "connectors", "connectors", "{F0C26331-6C4A-4389-80E3-7580C3977871}"
EndProject
Project("{2150E333-8FDC-42A3-9474-1A3956D46DE8}") = "src", "src", "{49A29FCE-FFE3-4780-9B97-FFC76E73B354}"
EndProject
Project("{9A19103F-16F7-4668-BE54-9A1E7A4F7556}") = "FlowSynx.Connectors.Storage.LocalFileSystem", "connectors\FlowSynx.Connectors.Storage.LocalFileSystem\FlowSynx.Connectors.Storage.LocalFileSystem.csproj", "{EE1A893C-E84D-4D7D-93C8-0646EC729685}"
EndProject
Project("{9A19103F-16F7-4668-BE54-9A1E7A4F7556}") = "FlowSynx.Connectors.Storage.Azure.Blobs", "connectors\FlowSynx.Connectors.Storage.Azure.Blobs\FlowSynx.Connectors.Storage.Azure.Blobs.csproj", "{60854C55-D120-4359-BEDF-883A825B603F}"
EndProject
Project("{9A19103F-16F7-4668-BE54-9A1E7A4F7556}") = "FlowSynx.Connectors.Storage.Azure.Files", "connectors\FlowSynx.Connectors.Storage.Azure.Files\FlowSynx.Connectors.Storage.Azure.Files.csproj", "{7B41A66B-26F1-4428-9426-FDFFF1D58F75}"
EndProject
Project("{2150E333-8FDC-42A3-9474-1A3956D46DE8}") = "Storage", "Storage", "{2055D7A4-DACB-49D7-988F-E3424935388A}"
EndProject
Project("{9A19103F-16F7-4668-BE54-9A1E7A4F7556}") = "FlowSynx.Connectors.Storage.Google.Cloud", "connectors\FlowSynx.Connectors.Storage.Google.Cloud\FlowSynx.Connectors.Storage.Google.Cloud.csproj", "{1FC203CA-B2DD-4162-8266-F2427F9DF8A1}"
EndProject
Project("{9A19103F-16F7-4668-BE54-9A1E7A4F7556}") = "FlowSynx.Connectors.Storage.Amazon.S3", "connectors\FlowSynx.Connectors.Storage.Amazon.S3\FlowSynx.Connectors.Storage.Amazon.S3.csproj", "{69176FFB-B44F-47CE-AE0A-1D89A956D312}"
EndProject
Project("{9A19103F-16F7-4668-BE54-9A1E7A4F7556}") = "FlowSynx.Connectors.Storage.Google.Drive", "connectors\FlowSynx.Connectors.Storage.Google.Drive\FlowSynx.Connectors.Storage.Google.Drive.csproj", "{70DF5C19-586D-4F1E-AEBE-E30E9CBB214F}"
EndProject
Project("{9A19103F-16F7-4668-BE54-9A1E7A4F7556}") = "FlowSynx.Connectors.Storage.Memory", "connectors\FlowSynx.Connectors.Storage.Memory\FlowSynx.Connectors.Storage.Memory.csproj", "{3C553BFA-E965-42D1-805F-3DEC8C8FFA62}"
EndProject
Project("{2150E333-8FDC-42A3-9474-1A3956D46DE8}") = "Streams", "Streams", "{5FED1243-9767-427C-886B-D2070468FA3B}"
EndProject
Project("{9A19103F-16F7-4668-BE54-9A1E7A4F7556}") = "FlowSynx.Connectors.Stream.Csv", "connectors\FlowSynx.Connectors.Stream.Csv\FlowSynx.Connectors.Stream.Csv.csproj", "{D1100A18-09CB-4EF2-AEC7-77B5D77F0918}"
EndProject
Project("{9A19103F-16F7-4668-BE54-9A1E7A4F7556}") = "FlowSynx.Connectors.Stream.Json", "connectors\FlowSynx.Connectors.Stream.Json\FlowSynx.Connectors.Stream.Json.csproj", "{B5AA204A-DADB-49E8-A9CA-67C2C798C10C}"
EndProject
Project("{2150E333-8FDC-42A3-9474-1A3956D46DE8}") = "Database", "Database", "{09F60EE1-C041-4F8E-88D1-6010FD9A8B70}"
EndProject
Project("{9A19103F-16F7-4668-BE54-9A1E7A4F7556}") = "FlowSynx.Connectors.Database.MySql", "connectors\FlowSynx.Connectors.Database.MySql\FlowSynx.Connectors.Database.MySql.csproj", "{64267797-D93B-4647-A81C-0A773E8CFEB6}"
EndProject
Project("{9A19103F-16F7-4668-BE54-9A1E7A4F7556}") = "FlowSynx.Domain", "src\FlowSynx.Domain\FlowSynx.Domain.csproj", "{445387B6-23EC-4C33-8423-AA5B669779DC}"
EndProject
Project("{9A19103F-16F7-4668-BE54-9A1E7A4F7556}") = "FlowSynx.Infrastructure", "src\FlowSynx.Infrastructure\FlowSynx.Infrastructure.csproj", "{9F8F07B8-6A18-441A-AEAD-CFE09BDD46ED}"
EndProject
Project("{9A19103F-16F7-4668-BE54-9A1E7A4F7556}") = "FlowSynx.Persistence.Postgres", "src\FlowSynx.Persistence.Postgres\FlowSynx.Persistence.Postgres.csproj", "{C9ABAD15-0A7A-4861-8055-027A0461BDAC}"
EndProject
Project("{9A19103F-16F7-4668-BE54-9A1E7A4F7556}") = "FlowSynx.PluginCore", "src\FlowSynx.PluginCore\FlowSynx.PluginCore.csproj", "{33CA2957-7B71-4E51-952E-9E3355A79520}"
EndProject
Project("{FAE04EC0-301F-11D3-BF4B-00C04F79EFBC}") = "FlowSynx.Persistence.SQLite", "src\FlowSynx.Persistence.SQLite\FlowSynx.Persistence.SQLite.csproj", "{6CF87669-59CF-4CBF-94F4-0EE562E661D0}"
EndProject
Global
	GlobalSection(SolutionConfigurationPlatforms) = preSolution
		Debug|Any CPU = Debug|Any CPU
		Release|Any CPU = Release|Any CPU
	EndGlobalSection
	GlobalSection(ProjectConfigurationPlatforms) = postSolution
		{855FAD1D-289E-44C8-AA86-FEBFF8309CC1}.Debug|Any CPU.ActiveCfg = Debug|Any CPU
		{855FAD1D-289E-44C8-AA86-FEBFF8309CC1}.Debug|Any CPU.Build.0 = Debug|Any CPU
		{855FAD1D-289E-44C8-AA86-FEBFF8309CC1}.Release|Any CPU.ActiveCfg = Release|Any CPU
		{855FAD1D-289E-44C8-AA86-FEBFF8309CC1}.Release|Any CPU.Build.0 = Release|Any CPU
		{DCFE2169-84FC-4A1E-84A1-CA9B1ABCC5D4}.Debug|Any CPU.ActiveCfg = Debug|Any CPU
		{DCFE2169-84FC-4A1E-84A1-CA9B1ABCC5D4}.Debug|Any CPU.Build.0 = Debug|Any CPU
		{DCFE2169-84FC-4A1E-84A1-CA9B1ABCC5D4}.Release|Any CPU.ActiveCfg = Release|Any CPU
		{DCFE2169-84FC-4A1E-84A1-CA9B1ABCC5D4}.Release|Any CPU.Build.0 = Release|Any CPU
		{EE1A893C-E84D-4D7D-93C8-0646EC729685}.Debug|Any CPU.ActiveCfg = Debug|Any CPU
		{EE1A893C-E84D-4D7D-93C8-0646EC729685}.Debug|Any CPU.Build.0 = Debug|Any CPU
		{EE1A893C-E84D-4D7D-93C8-0646EC729685}.Release|Any CPU.ActiveCfg = Release|Any CPU
		{EE1A893C-E84D-4D7D-93C8-0646EC729685}.Release|Any CPU.Build.0 = Release|Any CPU
		{60854C55-D120-4359-BEDF-883A825B603F}.Debug|Any CPU.ActiveCfg = Debug|Any CPU
		{60854C55-D120-4359-BEDF-883A825B603F}.Debug|Any CPU.Build.0 = Debug|Any CPU
		{60854C55-D120-4359-BEDF-883A825B603F}.Release|Any CPU.ActiveCfg = Release|Any CPU
		{60854C55-D120-4359-BEDF-883A825B603F}.Release|Any CPU.Build.0 = Release|Any CPU
		{7B41A66B-26F1-4428-9426-FDFFF1D58F75}.Debug|Any CPU.ActiveCfg = Debug|Any CPU
		{7B41A66B-26F1-4428-9426-FDFFF1D58F75}.Debug|Any CPU.Build.0 = Debug|Any CPU
		{7B41A66B-26F1-4428-9426-FDFFF1D58F75}.Release|Any CPU.ActiveCfg = Release|Any CPU
		{7B41A66B-26F1-4428-9426-FDFFF1D58F75}.Release|Any CPU.Build.0 = Release|Any CPU
		{1FC203CA-B2DD-4162-8266-F2427F9DF8A1}.Debug|Any CPU.ActiveCfg = Debug|Any CPU
		{1FC203CA-B2DD-4162-8266-F2427F9DF8A1}.Debug|Any CPU.Build.0 = Debug|Any CPU
		{1FC203CA-B2DD-4162-8266-F2427F9DF8A1}.Release|Any CPU.ActiveCfg = Release|Any CPU
		{1FC203CA-B2DD-4162-8266-F2427F9DF8A1}.Release|Any CPU.Build.0 = Release|Any CPU
		{69176FFB-B44F-47CE-AE0A-1D89A956D312}.Debug|Any CPU.ActiveCfg = Debug|Any CPU
		{69176FFB-B44F-47CE-AE0A-1D89A956D312}.Debug|Any CPU.Build.0 = Debug|Any CPU
		{69176FFB-B44F-47CE-AE0A-1D89A956D312}.Release|Any CPU.ActiveCfg = Release|Any CPU
		{69176FFB-B44F-47CE-AE0A-1D89A956D312}.Release|Any CPU.Build.0 = Release|Any CPU
		{70DF5C19-586D-4F1E-AEBE-E30E9CBB214F}.Debug|Any CPU.ActiveCfg = Debug|Any CPU
		{70DF5C19-586D-4F1E-AEBE-E30E9CBB214F}.Debug|Any CPU.Build.0 = Debug|Any CPU
		{70DF5C19-586D-4F1E-AEBE-E30E9CBB214F}.Release|Any CPU.ActiveCfg = Release|Any CPU
		{70DF5C19-586D-4F1E-AEBE-E30E9CBB214F}.Release|Any CPU.Build.0 = Release|Any CPU
		{3C553BFA-E965-42D1-805F-3DEC8C8FFA62}.Debug|Any CPU.ActiveCfg = Debug|Any CPU
		{3C553BFA-E965-42D1-805F-3DEC8C8FFA62}.Debug|Any CPU.Build.0 = Debug|Any CPU
		{3C553BFA-E965-42D1-805F-3DEC8C8FFA62}.Release|Any CPU.ActiveCfg = Release|Any CPU
		{3C553BFA-E965-42D1-805F-3DEC8C8FFA62}.Release|Any CPU.Build.0 = Release|Any CPU
		{D1100A18-09CB-4EF2-AEC7-77B5D77F0918}.Debug|Any CPU.ActiveCfg = Debug|Any CPU
		{D1100A18-09CB-4EF2-AEC7-77B5D77F0918}.Debug|Any CPU.Build.0 = Debug|Any CPU
		{D1100A18-09CB-4EF2-AEC7-77B5D77F0918}.Release|Any CPU.ActiveCfg = Release|Any CPU
		{D1100A18-09CB-4EF2-AEC7-77B5D77F0918}.Release|Any CPU.Build.0 = Release|Any CPU
		{B5AA204A-DADB-49E8-A9CA-67C2C798C10C}.Debug|Any CPU.ActiveCfg = Debug|Any CPU
		{B5AA204A-DADB-49E8-A9CA-67C2C798C10C}.Debug|Any CPU.Build.0 = Debug|Any CPU
		{B5AA204A-DADB-49E8-A9CA-67C2C798C10C}.Release|Any CPU.ActiveCfg = Release|Any CPU
		{B5AA204A-DADB-49E8-A9CA-67C2C798C10C}.Release|Any CPU.Build.0 = Release|Any CPU
		{64267797-D93B-4647-A81C-0A773E8CFEB6}.Debug|Any CPU.ActiveCfg = Debug|Any CPU
		{64267797-D93B-4647-A81C-0A773E8CFEB6}.Debug|Any CPU.Build.0 = Debug|Any CPU
		{64267797-D93B-4647-A81C-0A773E8CFEB6}.Release|Any CPU.ActiveCfg = Release|Any CPU
		{64267797-D93B-4647-A81C-0A773E8CFEB6}.Release|Any CPU.Build.0 = Release|Any CPU
		{445387B6-23EC-4C33-8423-AA5B669779DC}.Debug|Any CPU.ActiveCfg = Debug|Any CPU
		{445387B6-23EC-4C33-8423-AA5B669779DC}.Debug|Any CPU.Build.0 = Debug|Any CPU
		{445387B6-23EC-4C33-8423-AA5B669779DC}.Release|Any CPU.ActiveCfg = Release|Any CPU
		{445387B6-23EC-4C33-8423-AA5B669779DC}.Release|Any CPU.Build.0 = Release|Any CPU
		{9F8F07B8-6A18-441A-AEAD-CFE09BDD46ED}.Debug|Any CPU.ActiveCfg = Debug|Any CPU
		{9F8F07B8-6A18-441A-AEAD-CFE09BDD46ED}.Debug|Any CPU.Build.0 = Debug|Any CPU
		{9F8F07B8-6A18-441A-AEAD-CFE09BDD46ED}.Release|Any CPU.ActiveCfg = Release|Any CPU
		{9F8F07B8-6A18-441A-AEAD-CFE09BDD46ED}.Release|Any CPU.Build.0 = Release|Any CPU
		{C9ABAD15-0A7A-4861-8055-027A0461BDAC}.Debug|Any CPU.ActiveCfg = Debug|Any CPU
		{C9ABAD15-0A7A-4861-8055-027A0461BDAC}.Debug|Any CPU.Build.0 = Debug|Any CPU
		{C9ABAD15-0A7A-4861-8055-027A0461BDAC}.Release|Any CPU.ActiveCfg = Release|Any CPU
		{C9ABAD15-0A7A-4861-8055-027A0461BDAC}.Release|Any CPU.Build.0 = Release|Any CPU
		{33CA2957-7B71-4E51-952E-9E3355A79520}.Debug|Any CPU.ActiveCfg = Debug|Any CPU
		{33CA2957-7B71-4E51-952E-9E3355A79520}.Debug|Any CPU.Build.0 = Debug|Any CPU
		{33CA2957-7B71-4E51-952E-9E3355A79520}.Release|Any CPU.ActiveCfg = Release|Any CPU
		{33CA2957-7B71-4E51-952E-9E3355A79520}.Release|Any CPU.Build.0 = Release|Any CPU
		{6CF87669-59CF-4CBF-94F4-0EE562E661D0}.Debug|Any CPU.ActiveCfg = Debug|Any CPU
		{6CF87669-59CF-4CBF-94F4-0EE562E661D0}.Debug|Any CPU.Build.0 = Debug|Any CPU
		{6CF87669-59CF-4CBF-94F4-0EE562E661D0}.Release|Any CPU.ActiveCfg = Release|Any CPU
		{6CF87669-59CF-4CBF-94F4-0EE562E661D0}.Release|Any CPU.Build.0 = Release|Any CPU
	EndGlobalSection
	GlobalSection(SolutionProperties) = preSolution
		HideSolutionNode = FALSE
	EndGlobalSection
	GlobalSection(NestedProjects) = preSolution
		{855FAD1D-289E-44C8-AA86-FEBFF8309CC1} = {49A29FCE-FFE3-4780-9B97-FFC76E73B354}
		{DCFE2169-84FC-4A1E-84A1-CA9B1ABCC5D4} = {49A29FCE-FFE3-4780-9B97-FFC76E73B354}
		{EE1A893C-E84D-4D7D-93C8-0646EC729685} = {2055D7A4-DACB-49D7-988F-E3424935388A}
		{60854C55-D120-4359-BEDF-883A825B603F} = {2055D7A4-DACB-49D7-988F-E3424935388A}
		{7B41A66B-26F1-4428-9426-FDFFF1D58F75} = {2055D7A4-DACB-49D7-988F-E3424935388A}
		{2055D7A4-DACB-49D7-988F-E3424935388A} = {F0C26331-6C4A-4389-80E3-7580C3977871}
		{1FC203CA-B2DD-4162-8266-F2427F9DF8A1} = {2055D7A4-DACB-49D7-988F-E3424935388A}
		{69176FFB-B44F-47CE-AE0A-1D89A956D312} = {2055D7A4-DACB-49D7-988F-E3424935388A}
		{70DF5C19-586D-4F1E-AEBE-E30E9CBB214F} = {2055D7A4-DACB-49D7-988F-E3424935388A}
		{3C553BFA-E965-42D1-805F-3DEC8C8FFA62} = {2055D7A4-DACB-49D7-988F-E3424935388A}
		{5FED1243-9767-427C-886B-D2070468FA3B} = {F0C26331-6C4A-4389-80E3-7580C3977871}
		{D1100A18-09CB-4EF2-AEC7-77B5D77F0918} = {5FED1243-9767-427C-886B-D2070468FA3B}
		{B5AA204A-DADB-49E8-A9CA-67C2C798C10C} = {5FED1243-9767-427C-886B-D2070468FA3B}
		{09F60EE1-C041-4F8E-88D1-6010FD9A8B70} = {F0C26331-6C4A-4389-80E3-7580C3977871}
		{64267797-D93B-4647-A81C-0A773E8CFEB6} = {09F60EE1-C041-4F8E-88D1-6010FD9A8B70}
		{445387B6-23EC-4C33-8423-AA5B669779DC} = {49A29FCE-FFE3-4780-9B97-FFC76E73B354}
		{9F8F07B8-6A18-441A-AEAD-CFE09BDD46ED} = {49A29FCE-FFE3-4780-9B97-FFC76E73B354}
		{C9ABAD15-0A7A-4861-8055-027A0461BDAC} = {49A29FCE-FFE3-4780-9B97-FFC76E73B354}
		{33CA2957-7B71-4E51-952E-9E3355A79520} = {49A29FCE-FFE3-4780-9B97-FFC76E73B354}
		{6CF87669-59CF-4CBF-94F4-0EE562E661D0} = {49A29FCE-FFE3-4780-9B97-FFC76E73B354}
	EndGlobalSection
	GlobalSection(ExtensibilityGlobals) = postSolution
		SolutionGuid = {1CCEBB2F-1B56-4191-B548-856F5DF10553}
	EndGlobalSection
EndGlobal
